
Microsoft Visual Studio Solution File, Format Version 12.00
# Visual Studio 15
VisualStudioVersion = 15.0.27004.2002
MinimumVisualStudioVersion = 10.0.40219.1
Project("{2150E333-8FDC-42A3-9474-1A3956D46DE8}") = "1 - Presentation", "1 - Presentation", "{5A32398C-167A-4A60-A3A9-5E458C82AA86}"
EndProject
Project("{2150E333-8FDC-42A3-9474-1A3956D46DE8}") = "2 - Services", "2 - Services", "{BED1BD60-3461-486B-8AA0-552A086F5F58}"
EndProject
Project("{2150E333-8FDC-42A3-9474-1A3956D46DE8}") = "3 - Application", "3 - Application", "{0B1EF721-E638-4CBE-B89A-2D431D9B65EB}"
EndProject
Project("{2150E333-8FDC-42A3-9474-1A3956D46DE8}") = "4 - Domain", "4 - Domain", "{DE51BA07-17B0-4534-BAC0-A4B7669BDDDB}"
EndProject
Project("{2150E333-8FDC-42A3-9474-1A3956D46DE8}") = "5 - Infra", "5 - Infra", "{FC180497-791A-47B6-8DFC-080E79513349}"
EndProject
Project("{FAE04EC0-301F-11D3-BF4B-00C04F79EFBC}") = "EP.CursoMVC.Domain", "EP.CursoMVC.Domain\EP.CursoMVC.Domain.csproj", "{0571820F-B676-4618-8995-0C4ADDC10BF6}"
EndProject
Global
	GlobalSection(SolutionConfigurationPlatforms) = preSolution
		Debug|Any CPU = Debug|Any CPU
		Release|Any CPU = Release|Any CPU
	EndGlobalSection
	GlobalSection(ProjectConfigurationPlatforms) = postSolution
		{0571820F-B676-4618-8995-0C4ADDC10BF6}.Debug|Any CPU.ActiveCfg = Debug|Any CPU
		{0571820F-B676-4618-8995-0C4ADDC10BF6}.Debug|Any CPU.Build.0 = Debug|Any CPU
		{0571820F-B676-4618-8995-0C4ADDC10BF6}.Release|Any CPU.ActiveCfg = Release|Any CPU
		{0571820F-B676-4618-8995-0C4ADDC10BF6}.Release|Any CPU.Build.0 = Release|Any CPU
	EndGlobalSection
	GlobalSection(SolutionProperties) = preSolution
		HideSolutionNode = FALSE
	EndGlobalSection
	GlobalSection(NestedProjects) = preSolution
		{0571820F-B676-4618-8995-0C4ADDC10BF6} = {DE51BA07-17B0-4534-BAC0-A4B7669BDDDB}
	EndGlobalSection
	GlobalSection(ExtensibilityGlobals) = postSolution
		SolutionGuid = {CAAC71B3-F8C5-439A-9880-55158EF7437D}
	EndGlobalSection
EndGlobal
